// !$*UTF8*$!
{
	archiveVersion = 1;
	classes = {
	};
	objectVersion = 46;
	objects = {

/* Begin PBXBuildFile section */
		3853D92D18A951860096BD60 /* Foundation.framework in Frameworks */ = {isa = PBXBuildFile; fileRef = 3853D92C18A951860096BD60 /* Foundation.framework */; };
		3853D92F18A951860096BD60 /* CoreGraphics.framework in Frameworks */ = {isa = PBXBuildFile; fileRef = 3853D92E18A951860096BD60 /* CoreGraphics.framework */; };
		3853D93118A951860096BD60 /* UIKit.framework in Frameworks */ = {isa = PBXBuildFile; fileRef = 3853D93018A951860096BD60 /* UIKit.framework */; };
		3853D93718A951860096BD60 /* InfoPlist.strings in Resources */ = {isa = PBXBuildFile; fileRef = 3853D93518A951860096BD60 /* InfoPlist.strings */; };
		3853D93918A951860096BD60 /* main.m in Sources */ = {isa = PBXBuildFile; fileRef = 3853D93818A951860096BD60 /* main.m */; };
		3853D93D18A951860096BD60 /* AppDelegate.m in Sources */ = {isa = PBXBuildFile; fileRef = 3853D93C18A951860096BD60 /* AppDelegate.m */; };
		3853D94018A951860096BD60 /* Main.storyboard in Resources */ = {isa = PBXBuildFile; fileRef = 3853D93E18A951860096BD60 /* Main.storyboard */; };
		3853D94518A951860096BD60 /* Images.xcassets in Resources */ = {isa = PBXBuildFile; fileRef = 3853D94418A951860096BD60 /* Images.xcassets */; };
		3853D94C18A951860096BD60 /* XCTest.framework in Frameworks */ = {isa = PBXBuildFile; fileRef = 3853D94B18A951860096BD60 /* XCTest.framework */; };
		3853D94D18A951860096BD60 /* Foundation.framework in Frameworks */ = {isa = PBXBuildFile; fileRef = 3853D92C18A951860096BD60 /* Foundation.framework */; };
		3853D94E18A951860096BD60 /* UIKit.framework in Frameworks */ = {isa = PBXBuildFile; fileRef = 3853D93018A951860096BD60 /* UIKit.framework */; };
		3853D95618A951860096BD60 /* InfoPlist.strings in Resources */ = {isa = PBXBuildFile; fileRef = 3853D95418A951860096BD60 /* InfoPlist.strings */; };
		3853D95818A951860096BD60 /* MyAppTests.m in Sources */ = {isa = PBXBuildFile; fileRef = 3853D95718A951860096BD60 /* MyAppTests.m */; };
		38D8EA0D18A95A6200433512 /* UINavigationController+BackgroundImage.m in Sources */ = {isa = PBXBuildFile; fileRef = 38D8EA0C18A95A6200433512 /* UINavigationController+BackgroundImage.m */; };
		38D8EA1018A95A7E00433512 /* LoginVC.m in Sources */ = {isa = PBXBuildFile; fileRef = 38D8EA0F18A95A7E00433512 /* LoginVC.m */; };
		38D8EA1318A95A8A00433512 /* StreamVC.m in Sources */ = {isa = PBXBuildFile; fileRef = 38D8EA1218A95A8A00433512 /* StreamVC.m */; };
		38D8EA1718A95C3100433512 /* PostTableViewCell.m in Sources */ = {isa = PBXBuildFile; fileRef = 38D8EA1618A95C3100433512 /* PostTableViewCell.m */; };
		B62B9AFD2A0747FF8FA10B10 /* libPods.a in Frameworks */ = {isa = PBXBuildFile; fileRef = 32FB7A9CF7764AD799EFFDE6 /* libPods.a */; };
/* End PBXBuildFile section */

/* Begin PBXContainerItemProxy section */
		3853D94F18A951860096BD60 /* PBXContainerItemProxy */ = {
			isa = PBXContainerItemProxy;
			containerPortal = 3853D92118A951860096BD60 /* Project object */;
			proxyType = 1;
			remoteGlobalIDString = 3853D92818A951860096BD60;
			remoteInfo = MyApp;
		};
/* End PBXContainerItemProxy section */

/* Begin PBXFileReference section */
		32FB7A9CF7764AD799EFFDE6 /* libPods.a */ = {isa = PBXFileReference; explicitFileType = archive.ar; includeInIndex = 0; path = libPods.a; sourceTree = BUILT_PRODUCTS_DIR; };
		3853D92918A951860096BD60 /* MyApp.app */ = {isa = PBXFileReference; explicitFileType = wrapper.application; includeInIndex = 0; path = MyApp.app; sourceTree = BUILT_PRODUCTS_DIR; };
		3853D92C18A951860096BD60 /* Foundation.framework */ = {isa = PBXFileReference; lastKnownFileType = wrapper.framework; name = Foundation.framework; path = System/Library/Frameworks/Foundation.framework; sourceTree = SDKROOT; };
		3853D92E18A951860096BD60 /* CoreGraphics.framework */ = {isa = PBXFileReference; lastKnownFileType = wrapper.framework; name = CoreGraphics.framework; path = System/Library/Frameworks/CoreGraphics.framework; sourceTree = SDKROOT; };
		3853D93018A951860096BD60 /* UIKit.framework */ = {isa = PBXFileReference; lastKnownFileType = wrapper.framework; name = UIKit.framework; path = System/Library/Frameworks/UIKit.framework; sourceTree = SDKROOT; };
		3853D93418A951860096BD60 /* MyApp-Info.plist */ = {isa = PBXFileReference; lastKnownFileType = text.plist.xml; path = "MyApp-Info.plist"; sourceTree = "<group>"; };
		3853D93618A951860096BD60 /* en */ = {isa = PBXFileReference; lastKnownFileType = text.plist.strings; name = en; path = en.lproj/InfoPlist.strings; sourceTree = "<group>"; };
		3853D93818A951860096BD60 /* main.m */ = {isa = PBXFileReference; lastKnownFileType = sourcecode.c.objc; path = main.m; sourceTree = "<group>"; };
		3853D93A18A951860096BD60 /* MyApp-Prefix.pch */ = {isa = PBXFileReference; lastKnownFileType = sourcecode.c.h; path = "MyApp-Prefix.pch"; sourceTree = "<group>"; };
		3853D93B18A951860096BD60 /* AppDelegate.h */ = {isa = PBXFileReference; lastKnownFileType = sourcecode.c.h; path = AppDelegate.h; sourceTree = "<group>"; };
		3853D93C18A951860096BD60 /* AppDelegate.m */ = {isa = PBXFileReference; lastKnownFileType = sourcecode.c.objc; path = AppDelegate.m; sourceTree = "<group>"; };
		3853D93F18A951860096BD60 /* Base */ = {isa = PBXFileReference; lastKnownFileType = file.storyboard; name = Base; path = Base.lproj/Main.storyboard; sourceTree = "<group>"; };
		3853D94418A951860096BD60 /* Images.xcassets */ = {isa = PBXFileReference; lastKnownFileType = folder.assetcatalog; path = Images.xcassets; sourceTree = "<group>"; };
		3853D94A18A951860096BD60 /* MyAppTests.xctest */ = {isa = PBXFileReference; explicitFileType = wrapper.cfbundle; includeInIndex = 0; path = MyAppTests.xctest; sourceTree = BUILT_PRODUCTS_DIR; };
		3853D94B18A951860096BD60 /* XCTest.framework */ = {isa = PBXFileReference; lastKnownFileType = wrapper.framework; name = XCTest.framework; path = Library/Frameworks/XCTest.framework; sourceTree = DEVELOPER_DIR; };
		3853D95318A951860096BD60 /* MyAppTests-Info.plist */ = {isa = PBXFileReference; lastKnownFileType = text.plist.xml; path = "MyAppTests-Info.plist"; sourceTree = "<group>"; };
		3853D95518A951860096BD60 /* en */ = {isa = PBXFileReference; lastKnownFileType = text.plist.strings; name = en; path = en.lproj/InfoPlist.strings; sourceTree = "<group>"; };
		3853D95718A951860096BD60 /* MyAppTests.m */ = {isa = PBXFileReference; lastKnownFileType = sourcecode.c.objc; path = MyAppTests.m; sourceTree = "<group>"; };
		38D8EA0B18A95A6200433512 /* UINavigationController+BackgroundImage.h */ = {isa = PBXFileReference; fileEncoding = 4; lastKnownFileType = sourcecode.c.h; path = "UINavigationController+BackgroundImage.h"; sourceTree = "<group>"; };
		38D8EA0C18A95A6200433512 /* UINavigationController+BackgroundImage.m */ = {isa = PBXFileReference; fileEncoding = 4; lastKnownFileType = sourcecode.c.objc; path = "UINavigationController+BackgroundImage.m"; sourceTree = "<group>"; };
		38D8EA0E18A95A7E00433512 /* LoginVC.h */ = {isa = PBXFileReference; fileEncoding = 4; lastKnownFileType = sourcecode.c.h; path = LoginVC.h; sourceTree = "<group>"; };
		38D8EA0F18A95A7E00433512 /* LoginVC.m */ = {isa = PBXFileReference; fileEncoding = 4; lastKnownFileType = sourcecode.c.objc; path = LoginVC.m; sourceTree = "<group>"; };
		38D8EA1118A95A8A00433512 /* StreamVC.h */ = {isa = PBXFileReference; fileEncoding = 4; lastKnownFileType = sourcecode.c.h; path = StreamVC.h; sourceTree = "<group>"; };
		38D8EA1218A95A8A00433512 /* StreamVC.m */ = {isa = PBXFileReference; fileEncoding = 4; lastKnownFileType = sourcecode.c.objc; path = StreamVC.m; sourceTree = "<group>"; };
		38D8EA1518A95C3100433512 /* PostTableViewCell.h */ = {isa = PBXFileReference; fileEncoding = 4; lastKnownFileType = sourcecode.c.h; path = PostTableViewCell.h; sourceTree = "<group>"; };
		38D8EA1618A95C3100433512 /* PostTableViewCell.m */ = {isa = PBXFileReference; fileEncoding = 4; lastKnownFileType = sourcecode.c.objc; path = PostTableViewCell.m; sourceTree = "<group>"; };
		38D8EA1918A95E7900433512 /* Defines.h */ = {isa = PBXFileReference; lastKnownFileType = sourcecode.c.h; path = Defines.h; sourceTree = "<group>"; };
		B6C142CCF68F48648ECCC9A9 /* Pods.xcconfig */ = {isa = PBXFileReference; includeInIndex = 1; lastKnownFileType = text.xcconfig; name = Pods.xcconfig; path = Pods/Pods.xcconfig; sourceTree = "<group>"; };
/* End PBXFileReference section */

/* Begin PBXFrameworksBuildPhase section */
		3853D92618A951860096BD60 /* Frameworks */ = {
			isa = PBXFrameworksBuildPhase;
			buildActionMask = 2147483647;
			files = (
				3853D92F18A951860096BD60 /* CoreGraphics.framework in Frameworks */,
				3853D93118A951860096BD60 /* UIKit.framework in Frameworks */,
				3853D92D18A951860096BD60 /* Foundation.framework in Frameworks */,
				B62B9AFD2A0747FF8FA10B10 /* libPods.a in Frameworks */,
			);
			runOnlyForDeploymentPostprocessing = 0;
		};
		3853D94718A951860096BD60 /* Frameworks */ = {
			isa = PBXFrameworksBuildPhase;
			buildActionMask = 2147483647;
			files = (
				3853D94C18A951860096BD60 /* XCTest.framework in Frameworks */,
				3853D94E18A951860096BD60 /* UIKit.framework in Frameworks */,
				3853D94D18A951860096BD60 /* Foundation.framework in Frameworks */,
			);
			runOnlyForDeploymentPostprocessing = 0;
		};
/* End PBXFrameworksBuildPhase section */

/* Begin PBXGroup section */
		3853D92018A951860096BD60 = {
			isa = PBXGroup;
			children = (
				3853D93218A951860096BD60 /* MyApp */,
				3853D95118A951860096BD60 /* MyAppTests */,
				3853D92B18A951860096BD60 /* Frameworks */,
				3853D92A18A951860096BD60 /* Products */,
				B6C142CCF68F48648ECCC9A9 /* Pods.xcconfig */,
			);
			sourceTree = "<group>";
		};
		3853D92A18A951860096BD60 /* Products */ = {
			isa = PBXGroup;
			children = (
				3853D92918A951860096BD60 /* MyApp.app */,
				3853D94A18A951860096BD60 /* MyAppTests.xctest */,
			);
			name = Products;
			sourceTree = "<group>";
		};
		3853D92B18A951860096BD60 /* Frameworks */ = {
			isa = PBXGroup;
			children = (
				3853D92C18A951860096BD60 /* Foundation.framework */,
				3853D92E18A951860096BD60 /* CoreGraphics.framework */,
				3853D93018A951860096BD60 /* UIKit.framework */,
				3853D94B18A951860096BD60 /* XCTest.framework */,
				32FB7A9CF7764AD799EFFDE6 /* libPods.a */,
			);
			name = Frameworks;
			sourceTree = "<group>";
		};
		3853D93218A951860096BD60 /* MyApp */ = {
			isa = PBXGroup;
			children = (
				38D8EA0618A959C200433512 /* Delegate */,
				38D8EA1818A95E6200433512 /* Global */,
				38D8EA0818A95A2C00433512 /* Library */,
				38D8EA0918A95A3900433512 /* Model */,
				38D8EA0518A9598900433512 /* Resources */,
				3853D93318A951860096BD60 /* Supporting Files */,
				38D8EA0718A959D000433512 /* ViewControllers */,
				38D8EA1418A95BF800433512 /* Views */,
			);
			path = MyApp;
			sourceTree = "<group>";
		};
		3853D93318A951860096BD60 /* Supporting Files */ = {
			isa = PBXGroup;
			children = (
				3853D93418A951860096BD60 /* MyApp-Info.plist */,
				3853D93518A951860096BD60 /* InfoPlist.strings */,
				3853D93818A951860096BD60 /* main.m */,
				3853D93A18A951860096BD60 /* MyApp-Prefix.pch */,
			);
			name = "Supporting Files";
			sourceTree = "<group>";
		};
		3853D95118A951860096BD60 /* MyAppTests */ = {
			isa = PBXGroup;
			children = (
				3853D95718A951860096BD60 /* MyAppTests.m */,
				3853D95218A951860096BD60 /* Supporting Files */,
			);
			path = MyAppTests;
			sourceTree = "<group>";
		};
		3853D95218A951860096BD60 /* Supporting Files */ = {
			isa = PBXGroup;
			children = (
				3853D95318A951860096BD60 /* MyAppTests-Info.plist */,
				3853D95418A951860096BD60 /* InfoPlist.strings */,
			);
			name = "Supporting Files";
			sourceTree = "<group>";
		};
		38D8EA0518A9598900433512 /* Resources */ = {
			isa = PBXGroup;
			children = (
				3853D94418A951860096BD60 /* Images.xcassets */,
				3853D93E18A951860096BD60 /* Main.storyboard */,
			);
			path = Resources;
			sourceTree = "<group>";
		};
		38D8EA0618A959C200433512 /* Delegate */ = {
			isa = PBXGroup;
			children = (
				3853D93B18A951860096BD60 /* AppDelegate.h */,
				3853D93C18A951860096BD60 /* AppDelegate.m */,
			);
			path = Delegate;
			sourceTree = "<group>";
		};
		38D8EA0718A959D000433512 /* ViewControllers */ = {
			isa = PBXGroup;
			children = (
				38D8EA0E18A95A7E00433512 /* LoginVC.h */,
				38D8EA0F18A95A7E00433512 /* LoginVC.m */,
				38D8EA1118A95A8A00433512 /* StreamVC.h */,
				38D8EA1218A95A8A00433512 /* StreamVC.m */,
			);
			path = ViewControllers;
			sourceTree = "<group>";
		};
		38D8EA0818A95A2C00433512 /* Library */ = {
			isa = PBXGroup;
			children = (
				38D8EA0A18A95A6200433512 /* UINavigationController+BackgroundImage */,
			);
			path = Library;
			sourceTree = "<group>";
		};
		38D8EA0918A95A3900433512 /* Model */ = {
			isa = PBXGroup;
			children = (
			);
			path = Model;
			sourceTree = "<group>";
		};
		38D8EA0A18A95A6200433512 /* UINavigationController+BackgroundImage */ = {
			isa = PBXGroup;
			children = (
				38D8EA0B18A95A6200433512 /* UINavigationController+BackgroundImage.h */,
				38D8EA0C18A95A6200433512 /* UINavigationController+BackgroundImage.m */,
			);
			path = "UINavigationController+BackgroundImage";
			sourceTree = "<group>";
		};
		38D8EA1418A95BF800433512 /* Views */ = {
			isa = PBXGroup;
			children = (
				38D8EA1518A95C3100433512 /* PostTableViewCell.h */,
				38D8EA1618A95C3100433512 /* PostTableViewCell.m */,
			);
			path = Views;
			sourceTree = "<group>";
		};
		38D8EA1818A95E6200433512 /* Global */ = {
			isa = PBXGroup;
			children = (
				38D8EA1918A95E7900433512 /* Defines.h */,
			);
			path = Global;
			sourceTree = "<group>";
		};
/* End PBXGroup section */

/* Begin PBXNativeTarget section */
		3853D92818A951860096BD60 /* MyApp */ = {
			isa = PBXNativeTarget;
			buildConfigurationList = 3853D95B18A951860096BD60 /* Build configuration list for PBXNativeTarget "MyApp" */;
			buildPhases = (
				E681A9569213486B83CA8487 /* Check Pods Manifest.lock */,
				3853D92518A951860096BD60 /* Sources */,
				3853D92618A951860096BD60 /* Frameworks */,
				3853D92718A951860096BD60 /* Resources */,
				CF52FB42C6384558820B5A04 /* Copy Pods Resources */,
			);
			buildRules = (
			);
			dependencies = (
			);
			name = MyApp;
			productName = MyApp;
			productReference = 3853D92918A951860096BD60 /* MyApp.app */;
			productType = "com.apple.product-type.application";
		};
		3853D94918A951860096BD60 /* MyAppTests */ = {
			isa = PBXNativeTarget;
			buildConfigurationList = 3853D95E18A951860096BD60 /* Build configuration list for PBXNativeTarget "MyAppTests" */;
			buildPhases = (
				3853D94618A951860096BD60 /* Sources */,
				3853D94718A951860096BD60 /* Frameworks */,
				3853D94818A951860096BD60 /* Resources */,
			);
			buildRules = (
			);
			dependencies = (
				3853D95018A951860096BD60 /* PBXTargetDependency */,
			);
			name = MyAppTests;
			productName = MyAppTests;
			productReference = 3853D94A18A951860096BD60 /* MyAppTests.xctest */;
			productType = "com.apple.product-type.bundle.unit-test";
		};
/* End PBXNativeTarget section */

/* Begin PBXProject section */
		3853D92118A951860096BD60 /* Project object */ = {
			isa = PBXProject;
			attributes = {
				LastUpgradeCheck = 0500;
				ORGANIZATIONNAME = arvystate.net;
				TargetAttributes = {
					3853D92818A951860096BD60 = {
						DevelopmentTeam = 289M6XEDV4;
					};
					3853D94918A951860096BD60 = {
						TestTargetID = 3853D92818A951860096BD60;
					};
				};
			};
			buildConfigurationList = 3853D92418A951860096BD60 /* Build configuration list for PBXProject "MyApp" */;
			compatibilityVersion = "Xcode 3.2";
			developmentRegion = English;
			hasScannedForEncodings = 0;
			knownRegions = (
				en,
				Base,
			);
			mainGroup = 3853D92018A951860096BD60;
			productRefGroup = 3853D92A18A951860096BD60 /* Products */;
			projectDirPath = "";
			projectRoot = "";
			targets = (
				3853D92818A951860096BD60 /* MyApp */,
				3853D94918A951860096BD60 /* MyAppTests */,
			);
		};
/* End PBXProject section */

/* Begin PBXResourcesBuildPhase section */
		3853D92718A951860096BD60 /* Resources */ = {
			isa = PBXResourcesBuildPhase;
			buildActionMask = 2147483647;
			files = (
				3853D94518A951860096BD60 /* Images.xcassets in Resources */,
				3853D93718A951860096BD60 /* InfoPlist.strings in Resources */,
				3853D94018A951860096BD60 /* Main.storyboard in Resources */,
			);
			runOnlyForDeploymentPostprocessing = 0;
		};
		3853D94818A951860096BD60 /* Resources */ = {
			isa = PBXResourcesBuildPhase;
			buildActionMask = 2147483647;
			files = (
				3853D95618A951860096BD60 /* InfoPlist.strings in Resources */,
			);
			runOnlyForDeploymentPostprocessing = 0;
		};
/* End PBXResourcesBuildPhase section */

/* Begin PBXShellScriptBuildPhase section */
		CF52FB42C6384558820B5A04 /* Copy Pods Resources */ = {
			isa = PBXShellScriptBuildPhase;
			buildActionMask = 2147483647;
			files = (
			);
			inputPaths = (
			);
			name = "Copy Pods Resources";
			outputPaths = (
			);
			runOnlyForDeploymentPostprocessing = 0;
			shellPath = /bin/sh;
			shellScript = "\"${SRCROOT}/Pods/Pods-resources.sh\"\n";
			showEnvVarsInLog = 0;
		};
		E681A9569213486B83CA8487 /* Check Pods Manifest.lock */ = {
			isa = PBXShellScriptBuildPhase;
			buildActionMask = 2147483647;
			files = (
			);
			inputPaths = (
			);
			name = "Check Pods Manifest.lock";
			outputPaths = (
			);
			runOnlyForDeploymentPostprocessing = 0;
			shellPath = /bin/sh;
			shellScript = "diff \"${PODS_ROOT}/../Podfile.lock\" \"${PODS_ROOT}/Manifest.lock\" > /dev/null\nif [[ $? != 0 ]] ; then\n    cat << EOM\nerror: The sandbox is not in sync with the Podfile.lock. Run 'pod install' or update your CocoaPods installation.\nEOM\n    exit 1\nfi\n";
			showEnvVarsInLog = 0;
		};
/* End PBXShellScriptBuildPhase section */

/* Begin PBXSourcesBuildPhase section */
		3853D92518A951860096BD60 /* Sources */ = {
			isa = PBXSourcesBuildPhase;
			buildActionMask = 2147483647;
			files = (
				3853D93D18A951860096BD60 /* AppDelegate.m in Sources */,
				38D8EA1718A95C3100433512 /* PostTableViewCell.m in Sources */,
				3853D93918A951860096BD60 /* main.m in Sources */,
				38D8EA1318A95A8A00433512 /* StreamVC.m in Sources */,
				38D8EA1018A95A7E00433512 /* LoginVC.m in Sources */,
				38D8EA0D18A95A6200433512 /* UINavigationController+BackgroundImage.m in Sources */,
			);
			runOnlyForDeploymentPostprocessing = 0;
		};
		3853D94618A951860096BD60 /* Sources */ = {
			isa = PBXSourcesBuildPhase;
			buildActionMask = 2147483647;
			files = (
				3853D95818A951860096BD60 /* MyAppTests.m in Sources */,
			);
			runOnlyForDeploymentPostprocessing = 0;
		};
/* End PBXSourcesBuildPhase section */

/* Begin PBXTargetDependency section */
		3853D95018A951860096BD60 /* PBXTargetDependency */ = {
			isa = PBXTargetDependency;
			target = 3853D92818A951860096BD60 /* MyApp */;
			targetProxy = 3853D94F18A951860096BD60 /* PBXContainerItemProxy */;
		};
/* End PBXTargetDependency section */

/* Begin PBXVariantGroup section */
		3853D93518A951860096BD60 /* InfoPlist.strings */ = {
			isa = PBXVariantGroup;
			children = (
				3853D93618A951860096BD60 /* en */,
			);
			name = InfoPlist.strings;
			sourceTree = "<group>";
		};
		3853D93E18A951860096BD60 /* Main.storyboard */ = {
			isa = PBXVariantGroup;
			children = (
				3853D93F18A951860096BD60 /* Base */,
			);
			name = Main.storyboard;
			path = ..;
			sourceTree = "<group>";
		};
		3853D95418A951860096BD60 /* InfoPlist.strings */ = {
			isa = PBXVariantGroup;
			children = (
				3853D95518A951860096BD60 /* en */,
			);
			name = InfoPlist.strings;
			sourceTree = "<group>";
		};
/* End PBXVariantGroup section */

/* Begin XCBuildConfiguration section */
		3853D95918A951860096BD60 /* Debug */ = {
			isa = XCBuildConfiguration;
			buildSettings = {
				ALWAYS_SEARCH_USER_PATHS = NO;
				ARCHS = "$(ARCHS_STANDARD_INCLUDING_64_BIT)";
				CLANG_CXX_LANGUAGE_STANDARD = "gnu++0x";
				CLANG_CXX_LIBRARY = "libc++";
				CLANG_ENABLE_MODULES = YES;
				CLANG_ENABLE_OBJC_ARC = YES;
				CLANG_WARN_BOOL_CONVERSION = YES;
				CLANG_WARN_CONSTANT_CONVERSION = YES;
				CLANG_WARN_DIRECT_OBJC_ISA_USAGE = YES_ERROR;
				CLANG_WARN_EMPTY_BODY = YES;
				CLANG_WARN_ENUM_CONVERSION = YES;
				CLANG_WARN_INT_CONVERSION = YES;
				CLANG_WARN_OBJC_ROOT_CLASS = YES_ERROR;
				CLANG_WARN__DUPLICATE_METHOD_MATCH = YES;
				"CODE_SIGN_IDENTITY[sdk=iphoneos*]" = "iPhone Developer";
				COPY_PHASE_STRIP = NO;
				GCC_C_LANGUAGE_STANDARD = gnu99;
				GCC_DYNAMIC_NO_PIC = NO;
				GCC_OPTIMIZATION_LEVEL = 0;
				GCC_PREPROCESSOR_DEFINITIONS = (
					"DEBUG=1",
					"$(inherited)",
				);
				GCC_SYMBOLS_PRIVATE_EXTERN = NO;
				GCC_WARN_64_TO_32_BIT_CONVERSION = YES;
				GCC_WARN_ABOUT_RETURN_TYPE = YES_ERROR;
				GCC_WARN_UNDECLARED_SELECTOR = YES;
				GCC_WARN_UNINITIALIZED_AUTOS = YES;
				GCC_WARN_UNUSED_FUNCTION = YES;
				GCC_WARN_UNUSED_VARIABLE = YES;
				IPHONEOS_DEPLOYMENT_TARGET = 7.0;
				ONLY_ACTIVE_ARCH = YES;
				SDKROOT = iphoneos;
			};
			name = Debug;
		};
		3853D95A18A951860096BD60 /* Release */ = {
			isa = XCBuildConfiguration;
			buildSettings = {
				ALWAYS_SEARCH_USER_PATHS = NO;
				ARCHS = "$(ARCHS_STANDARD_INCLUDING_64_BIT)";
				CLANG_CXX_LANGUAGE_STANDARD = "gnu++0x";
				CLANG_CXX_LIBRARY = "libc++";
				CLANG_ENABLE_MODULES = YES;
				CLANG_ENABLE_OBJC_ARC = YES;
				CLANG_WARN_BOOL_CONVERSION = YES;
				CLANG_WARN_CONSTANT_CONVERSION = YES;
				CLANG_WARN_DIRECT_OBJC_ISA_USAGE = YES_ERROR;
				CLANG_WARN_EMPTY_BODY = YES;
				CLANG_WARN_ENUM_CONVERSION = YES;
				CLANG_WARN_INT_CONVERSION = YES;
				CLANG_WARN_OBJC_ROOT_CLASS = YES_ERROR;
				CLANG_WARN__DUPLICATE_METHOD_MATCH = YES;
				"CODE_SIGN_IDENTITY[sdk=iphoneos*]" = "iPhone Developer";
				COPY_PHASE_STRIP = YES;
				ENABLE_NS_ASSERTIONS = NO;
				GCC_C_LANGUAGE_STANDARD = gnu99;
				GCC_WARN_64_TO_32_BIT_CONVERSION = YES;
				GCC_WARN_ABOUT_RETURN_TYPE = YES_ERROR;
				GCC_WARN_UNDECLARED_SELECTOR = YES;
				GCC_WARN_UNINITIALIZED_AUTOS = YES;
				GCC_WARN_UNUSED_FUNCTION = YES;
				GCC_WARN_UNUSED_VARIABLE = YES;
				IPHONEOS_DEPLOYMENT_TARGET = 7.0;
				SDKROOT = iphoneos;
				VALIDATE_PRODUCT = YES;
			};
			name = Release;
		};
		3853D95C18A951860096BD60 /* Debug */ = {
			isa = XCBuildConfiguration;
			baseConfigurationReference = B6C142CCF68F48648ECCC9A9 /* Pods.xcconfig */;
			buildSettings = {
				ASSETCATALOG_COMPILER_APPICON_NAME = AppIcon;
				ASSETCATALOG_COMPILER_LAUNCHIMAGE_NAME = LaunchImage;
				CODE_SIGN_IDENTITY = "iPhone Developer";
				"CODE_SIGN_IDENTITY[sdk=iphoneos*]" = "iPhone Developer";
				GCC_PRECOMPILE_PREFIX_HEADER = YES;
				GCC_PREFIX_HEADER = "MyApp/MyApp-Prefix.pch";
				INFOPLIST_FILE = "MyApp/MyApp-Info.plist";
				PRODUCT_NAME = "$(TARGET_NAME)";
				PROVISIONING_PROFILE = "";
				WRAPPER_EXTENSION = app;
			};
			name = Debug;
		};
		3853D95D18A951860096BD60 /* Release */ = {
			isa = XCBuildConfiguration;
			baseConfigurationReference = B6C142CCF68F48648ECCC9A9 /* Pods.xcconfig */;
			buildSettings = {
				ASSETCATALOG_COMPILER_APPICON_NAME = AppIcon;
				ASSETCATALOG_COMPILER_LAUNCHIMAGE_NAME = LaunchImage;
				CODE_SIGN_IDENTITY = "iPhone Developer";
				"CODE_SIGN_IDENTITY[sdk=iphoneos*]" = "iPhone Developer";
				GCC_PRECOMPILE_PREFIX_HEADER = YES;
				GCC_PREFIX_HEADER = "MyApp/MyApp-Prefix.pch";
				INFOPLIST_FILE = "MyApp/MyApp-Info.plist";
				PRODUCT_NAME = "$(TARGET_NAME)";
				PROVISIONING_PROFILE = "";
				WRAPPER_EXTENSION = app;
			};
			name = Release;
		};
		3853D95F18A951860096BD60 /* Debug */ = {
			isa = XCBuildConfiguration;
			buildSettings = {
				ARCHS = "$(ARCHS_STANDARD_INCLUDING_64_BIT)";
				BUNDLE_LOADER = "$(BUILT_PRODUCTS_DIR)/MyApp.app/MyApp";
				FRAMEWORK_SEARCH_PATHS = (
					"$(SDKROOT)/Developer/Library/Frameworks",
					"$(inherited)",
					"$(DEVELOPER_FRAMEWORKS_DIR)",
				);
				GCC_PRECOMPILE_PREFIX_HEADER = YES;
				GCC_PREFIX_HEADER = "MyApp/MyApp-Prefix.pch";
				GCC_PREPROCESSOR_DEFINITIONS = (
					"DEBUG=1",
					"$(inherited)",
				);
				INFOPLIST_FILE = "MyAppTests/MyAppTests-Info.plist";
				PRODUCT_NAME = "$(TARGET_NAME)";
				TEST_HOST = "$(BUNDLE_LOADER)";
				WRAPPER_EXTENSION = xctest;
			};
			name = Debug;
		};
		3853D96018A951860096BD60 /* Release */ = {
			isa = XCBuildConfiguration;
			buildSettings = {
				ARCHS = "$(ARCHS_STANDARD_INCLUDING_64_BIT)";
				BUNDLE_LOADER = "$(BUILT_PRODUCTS_DIR)/MyApp.app/MyApp";
				FRAMEWORK_SEARCH_PATHS = (
					"$(SDKROOT)/Developer/Library/Frameworks",
					"$(inherited)",
					"$(DEVELOPER_FRAMEWORKS_DIR)",
				);
				GCC_PRECOMPILE_PREFIX_HEADER = YES;
				GCC_PREFIX_HEADER = "MyApp/MyApp-Prefix.pch";
				INFOPLIST_FILE = "MyAppTests/MyAppTests-Info.plist";
				PRODUCT_NAME = "$(TARGET_NAME)";
				TEST_HOST = "$(BUNDLE_LOADER)";
				WRAPPER_EXTENSION = xctest;
			};
			name = Release;
		};
/* End XCBuildConfiguration section */

/* Begin XCConfigurationList section */
		3853D92418A951860096BD60 /* Build configuration list for PBXProject "MyApp" */ = {
			isa = XCConfigurationList;
			buildConfigurations = (
				3853D95918A951860096BD60 /* Debug */,
				3853D95A18A951860096BD60 /* Release */,
			);
			defaultConfigurationIsVisible = 0;
			defaultConfigurationName = Release;
		};
		3853D95B18A951860096BD60 /* Build configuration list for PBXNativeTarget "MyApp" */ = {
			isa = XCConfigurationList;
			buildConfigurations = (
				3853D95C18A951860096BD60 /* Debug */,
				3853D95D18A951860096BD60 /* Release */,
			);
			defaultConfigurationIsVisible = 0;
			defaultConfigurationName = Release;
		};
		3853D95E18A951860096BD60 /* Build configuration list for PBXNativeTarget "MyAppTests" */ = {
			isa = XCConfigurationList;
			buildConfigurations = (
				3853D95F18A951860096BD60 /* Debug */,
				3853D96018A951860096BD60 /* Release */,
			);
			defaultConfigurationIsVisible = 0;
			defaultConfigurationName = Release;
		};
/* End XCConfigurationList section */
	};
	rootObject = 3853D92118A951860096BD60 /* Project object */;
}
